
Microsoft Visual Studio Solution File, Format Version 12.00
# Visual Studio 2015
Project("{FAE04EC0-301F-11D3-BF4B-00C04F79EFBC}") = "BoxShooter.CSharp.Plugins", "BoxShooter.CSharp.Plugins.csproj", "{DAD2F6A3-522E-5C0D-F599-BC08EFFC81FF}"
EndProject
Project("{FAE04EC0-301F-11D3-BF4B-00C04F79EFBC}") = "BoxShooter.CSharp", "BoxShooter.CSharp.csproj", "{8AC31988-E1C9-B0C0-F129-6FAB0B4968F6}"
EndProject
Global
	GlobalSection(SolutionConfigurationPlatforms) = preSolution
		Debug|Any CPU = Debug|Any CPU
		Release|Any CPU = Release|Any CPU
	EndGlobalSection
	GlobalSection(ProjectConfigurationPlatforms) = postSolution
		{DAD2F6A3-522E-5C0D-F599-BC08EFFC81FF}.Debug|Any CPU.ActiveCfg = Debug|Any CPU
		{DAD2F6A3-522E-5C0D-F599-BC08EFFC81FF}.Debug|Any CPU.Build.0 = Debug|Any CPU
		{DAD2F6A3-522E-5C0D-F599-BC08EFFC81FF}.Release|Any CPU.ActiveCfg = Release|Any CPU
		{DAD2F6A3-522E-5C0D-F599-BC08EFFC81FF}.Release|Any CPU.Build.0 = Release|Any CPU
		{8AC31988-E1C9-B0C0-F129-6FAB0B4968F6}.Debug|Any CPU.ActiveCfg = Debug|Any CPU
		{8AC31988-E1C9-B0C0-F129-6FAB0B4968F6}.Debug|Any CPU.Build.0 = Debug|Any CPU
		{8AC31988-E1C9-B0C0-F129-6FAB0B4968F6}.Release|Any CPU.ActiveCfg = Release|Any CPU
		{8AC31988-E1C9-B0C0-F129-6FAB0B4968F6}.Release|Any CPU.Build.0 = Release|Any CPU
	EndGlobalSection
	GlobalSection(SolutionProperties) = preSolution
		HideSolutionNode = FALSE
	EndGlobalSection
EndGlobal
